
Microsoft Visual Studio Solution File, Format Version 12.00
# Visual Studio Version 16
VisualStudioVersion = 16.0.30011.22
MinimumVisualStudioVersion = 10.0.40219.1
Project("{9A19103F-16F7-4668-BE54-9A1E7A4F7556}") = "Searchfight", "Searchfight\Searchfight.csproj", "{D107B10B-EFB8-4F8E-91C1-10B8724209CF}"
EndProject
Project("{FAE04EC0-301F-11D3-BF4B-00C04F79EFBC}") = "SearchFight.Tests", "SearchFight.Tests\SearchFight.Tests.csproj", "{E4EB9617-90BD-4C03-812B-127C295229D7}"
EndProject
Global
	GlobalSection(SolutionConfigurationPlatforms) = preSolution
		Debug|Any CPU = Debug|Any CPU
		Release|Any CPU = Release|Any CPU
	EndGlobalSection
	GlobalSection(ProjectConfigurationPlatforms) = postSolution
		{D107B10B-EFB8-4F8E-91C1-10B8724209CF}.Debug|Any CPU.ActiveCfg = Debug|Any CPU
		{D107B10B-EFB8-4F8E-91C1-10B8724209CF}.Debug|Any CPU.Build.0 = Debug|Any CPU
		{D107B10B-EFB8-4F8E-91C1-10B8724209CF}.Release|Any CPU.ActiveCfg = Release|Any CPU
		{D107B10B-EFB8-4F8E-91C1-10B8724209CF}.Release|Any CPU.Build.0 = Release|Any CPU
		{E4EB9617-90BD-4C03-812B-127C295229D7}.Debug|Any CPU.ActiveCfg = Debug|Any CPU
		{E4EB9617-90BD-4C03-812B-127C295229D7}.Debug|Any CPU.Build.0 = Debug|Any CPU
		{E4EB9617-90BD-4C03-812B-127C295229D7}.Release|Any CPU.ActiveCfg = Release|Any CPU
		{E4EB9617-90BD-4C03-812B-127C295229D7}.Release|Any CPU.Build.0 = Release|Any CPU
	EndGlobalSection
	GlobalSection(SolutionProperties) = preSolution
		HideSolutionNode = FALSE
	EndGlobalSection
	GlobalSection(ExtensibilityGlobals) = postSolution
		SolutionGuid = {99256A4E-9FA7-44CB-9B9C-E347A582E8C9}
	EndGlobalSection
EndGlobal
